
Microsoft Visual Studio Solution File, Format Version 12.00
# Visual Studio Version 17
VisualStudioVersion = 17.14.36930.0 d17.14
MinimumVisualStudioVersion = 10.0.40219.1
Project("{FAE04EC0-301F-11D3-BF4B-00C04F79EFBC}") = "ProyectoDePOO", "ProyectoDePOO\ProyectoDePOO.csproj", "{C7E9BA67-AE4C-4139-A10A-190E35D7B748}"
EndProject
Global
	GlobalSection(SolutionConfigurationPlatforms) = preSolution
		Debug|Any CPU = Debug|Any CPU
		Release|Any CPU = Release|Any CPU
	EndGlobalSection
	GlobalSection(ProjectConfigurationPlatforms) = postSolution
		{C7E9BA67-AE4C-4139-A10A-190E35D7B748}.Debug|Any CPU.ActiveCfg = Debug|Any CPU
		{C7E9BA67-AE4C-4139-A10A-190E35D7B748}.Debug|Any CPU.Build.0 = Debug|Any CPU
		{C7E9BA67-AE4C-4139-A10A-190E35D7B748}.Release|Any CPU.ActiveCfg = Release|Any CPU
		{C7E9BA67-AE4C-4139-A10A-190E35D7B748}.Release|Any CPU.Build.0 = Release|Any CPU
	EndGlobalSection
	GlobalSection(SolutionProperties) = preSolution
		HideSolutionNode = FALSE
	EndGlobalSection
	GlobalSection(ExtensibilityGlobals) = postSolution
		SolutionGuid = {1930CC9D-42A4-4E91-947E-8D5D26DA3901}
	EndGlobalSection
EndGlobal
